PODS:
  - Alamofire (4.4.0)
  - Backendless (3.0.44)
  - SwiftyJSON (3.1.4)

DEPENDENCIES:
  - Alamofire (~> 4.0)
  - Backendless
  - SwiftyJSON

SPEC CHECKSUMS:
  Alamofire: dc44b1600b800eb63da6a19039a0083d62a6a62d
  Backendless: bd77ad90cbd16fbd85fda03b3659b46a2c8f3179
  SwiftyJSON: c2842d878f95482ffceec5709abc3d05680c0220

PODFILE CHECKSUM: 7d3f2dc4a255add8de0ba45e2d5c94fc5825a7ca

COCOAPODS: 1.2.1.beta.1
